
Microsoft Visual Studio Solution File, Format Version 12.00
# Visual Studio Version 16
VisualStudioVersion = 16.0.29403.142
MinimumVisualStudioVersion = 10.0.40219.1
Project("{FAE04EC0-301F-11D3-BF4B-00C04F79EFBC}") = "SpaceGame", "SpaceGame\SpaceGame.csproj", "{1554F12D-5B89-4061-B102-5AE68A47C7EB}"
EndProject
Global
	GlobalSection(SolutionConfigurationPlatforms) = preSolution
		Debug|Any CPU = Debug|Any CPU
		Release|Any CPU = Release|Any CPU
	EndGlobalSection
	GlobalSection(ProjectConfigurationPlatforms) = postSolution
		{1554F12D-5B89-4061-B102-5AE68A47C7EB}.Debug|Any CPU.ActiveCfg = Debug|Any CPU
		{1554F12D-5B89-4061-B102-5AE68A47C7EB}.Debug|Any CPU.Build.0 = Debug|Any CPU
		{1554F12D-5B89-4061-B102-5AE68A47C7EB}.Release|Any CPU.ActiveCfg = Release|Any CPU
		{1554F12D-5B89-4061-B102-5AE68A47C7EB}.Release|Any CPU.Build.0 = Release|Any CPU
	EndGlobalSection
	GlobalSection(SolutionProperties) = preSolution
		HideSolutionNode = FALSE
	EndGlobalSection
	GlobalSection(ExtensibilityGlobals) = postSolution
		SolutionGuid = {1EE0F269-01E6-4C56-AAC2-CC89A68A9C11}
	EndGlobalSection
EndGlobal
